PODS:
  - craftyDateFormatter (0.1.0)
  - Nimble (8.0.9)
  - Quick (2.2.0)

DEPENDENCIES:
  - craftyDateFormatter (from `../`)
  - Nimble
  - Quick

SPEC REPOS:
  trunk:
    - Nimble
    - Quick

EXTERNAL SOURCES:
  craftyDateFormatter:
    :path: "../"

SPEC CHECKSUMS:
  craftyDateFormatter: ccbca94a6c567b6d9ebe993045d027ea4702feb8
  Nimble: 98b888285a615fd34f20e61753cf58ea1402bde4
  Quick: 7fb19e13be07b5dfb3b90d4f9824c855a11af40e

PODFILE CHECKSUM: 1da263f79a3c37a409a32d30f7458444429aa217

COCOAPODS: 1.9.1
